
Microsoft Visual Studio Solution File, Format Version 12.00
# Visual Studio Version 17
VisualStudioVersion = 17.8.34322.80
MinimumVisualStudioVersion = 10.0.40219.1
Project("{FAE04EC0-301F-11D3-BF4B-00C04F79EFBC}") = "Plug Problem Adapter Design Pattern", "Plug Problem Adapter Design Pattern\Plug Problem Adapter Design Pattern.csproj", "{2CFD5849-C776-4135-BE60-73DFC22DEDD4}"
EndProject
Global
	GlobalSection(SolutionConfigurationPlatforms) = preSolution
		Debug|Any CPU = Debug|Any CPU
		Release|Any CPU = Release|Any CPU
	EndGlobalSection
	GlobalSection(ProjectConfigurationPlatforms) = postSolution
		{2CFD5849-C776-4135-BE60-73DFC22DEDD4}.Debug|Any CPU.ActiveCfg = Debug|Any CPU
		{2CFD5849-C776-4135-BE60-73DFC22DEDD4}.Debug|Any CPU.Build.0 = Debug|Any CPU
		{2CFD5849-C776-4135-BE60-73DFC22DEDD4}.Release|Any CPU.ActiveCfg = Release|Any CPU
		{2CFD5849-C776-4135-BE60-73DFC22DEDD4}.Release|Any CPU.Build.0 = Release|Any CPU
	EndGlobalSection
	GlobalSection(SolutionProperties) = preSolution
		HideSolutionNode = FALSE
	EndGlobalSection
	GlobalSection(ExtensibilityGlobals) = postSolution
		SolutionGuid = {B49E11B8-BAC3-46A1-860F-B4BB1C0A72FE}
	EndGlobalSection
EndGlobal
